{
  "requires": true,
  "lockfileVersion": 1,
  "dependencies": {
    "flag-icons": {
      "version": "6.0.3",
      "resolved": "https://registry.npmjs.org/flag-icons/-/flag-icons-6.0.3.tgz",
      "integrity": "sha512-nirBQ1xEeBNHmpPEUe9RDS11Y7reIeqxXgQlOFTHlYd/dJXVznBR5t7t2x2s+CPmstTzIyJ3xEHdM4+7MAML+A=="
    }
  }
}
